
Microsoft Visual Studio Solution File, Format Version 12.00
# Visual Studio Version 17
VisualStudioVersion = 17.4.33205.214
MinimumVisualStudioVersion = 10.0.40219.1
Project("{FAE04EC0-301F-11D3-BF4B-00C04F79EFBC}") = "CurrencyConverter", "CurrencyConverter\CurrencyConverter.csproj", "{BC9E6522-199B-4B83-A7AF-DA79D6147C3B}"
EndProject
Global
	GlobalSection(SolutionConfigurationPlatforms) = preSolution
		Debug|Any CPU = Debug|Any CPU
		Release|Any CPU = Release|Any CPU
	EndGlobalSection
	GlobalSection(ProjectConfigurationPlatforms) = postSolution
		{BC9E6522-199B-4B83-A7AF-DA79D6147C3B}.Debug|Any CPU.ActiveCfg = Debug|Any CPU
		{BC9E6522-199B-4B83-A7AF-DA79D6147C3B}.Debug|Any CPU.Build.0 = Debug|Any CPU
		{BC9E6522-199B-4B83-A7AF-DA79D6147C3B}.Release|Any CPU.ActiveCfg = Release|Any CPU
		{BC9E6522-199B-4B83-A7AF-DA79D6147C3B}.Release|Any CPU.Build.0 = Release|Any CPU
	EndGlobalSection
	GlobalSection(SolutionProperties) = preSolution
		HideSolutionNode = FALSE
	EndGlobalSection
	GlobalSection(ExtensibilityGlobals) = postSolution
		SolutionGuid = {FF16C83B-598A-4A3B-8990-12DC088E9710}
	EndGlobalSection
EndGlobal
